PODS:
  - Alamofire (4.9.1)
  - AlamofireImage (3.6.0):
    - Alamofire (~> 4.9)
  - FSPagerView (0.8.3)
  - SQLite.swift (0.12.2):
    - SQLite.swift/standard (= 0.12.2)
  - SQLite.swift/standard (0.12.2)
  - Toast-Swift (5.1.1)
  - WSTagsField (5.4.0)

DEPENDENCIES:
  - Alamofire (~> 4.7)
  - AlamofireImage (~> 3.3)
  - FSPagerView
  - SQLite.swift (~> 0.12.2)
  - Toast-Swift
  - WSTagsField

SPEC REPOS:
  trunk:
    - Alamofire
    - AlamofireImage
    - FSPagerView
    - SQLite.swift
    - Toast-Swift
    - WSTagsField

SPEC CHECKSUMS:
  Alamofire: 85e8a02c69d6020a0d734f6054870d7ecb75cf18
  AlamofireImage: be9963c6582d68b39e89191f64c82a7d7bf40fdd
  FSPagerView: 670405b2f18e2a87fa37f20b00de783e562c25a8
  SQLite.swift: d2b4642190917051ce6bd1d49aab565fe794eea3
  Toast-Swift: 7a03a532afe3a560d4044bc7c237e2864d295173
  WSTagsField: a4e91b7d866e8c9755332ebcf8123f42f2abd4a0

PODFILE CHECKSUM: 1903975155c37ff2fe0f261daeb14304ef148776

COCOAPODS: 1.16.2
